schema: '2.0'
stages:
  preprocess:
    cmd: python -c "from src.data.preprocessor import DataPreprocessor; 
      DataPreprocessor('data/raw', 'data/processed').split_and_copy()"
    deps:
    - path: data/raw
      hash: md5
      md5: 73c7a79461b37f1b071634fb8f4e89ee.dir
      size: 18372605
      nfiles: 401
    - path: src/data/preprocessor.py
      hash: md5
      md5: ab54872e8c6bb6b33e9c9b5c75e0609e
      size: 4896
      isexec: true
    outs:
    - path: data/processed
      hash: md5
      md5: 0ef5d4a516ce12031ac16d2eae7b920d.dir
      size: 18372605
      nfiles: 401
  train:
    cmd: python -m src.training.train
    deps:
    - path: data/processed
      hash: md5
      md5: 0ef5d4a516ce12031ac16d2eae7b920d.dir
      size: 18372605
      nfiles: 401
    - path: src/models/resnet_classifier.py
      hash: md5
      md5: fa2fd982f5197dc06716dc0028c1a50a
      size: 1986
      isexec: true
    - path: src/training/train.py
      hash: md5
      md5: ce3f349c57a4678f1b5feeea0ec295d0
      size: 9302
      isexec: true
    outs:
    - path: metrics.json
      hash: md5
      md5: 0e3cdcc37fd37131a9925cb4ca8847bc
      size: 1096
    - path: models/best_model.pt
      hash: md5
      md5: 599a4724e96a1ed0d3aeb687c75cf95a
      size: 98564632
